// !$*UTF8*$!
{
	archiveVersion = 1;
	classes = {
	};
	objectVersion = 56;
	objects = {

/* Begin PBXBuildFile section */
		A10000010000000100000001 /* AppDelegate.swift in Sources */ = {isa = PBXBuildFile; fileRef = A10000010000000200000001 /* AppDelegate.swift */; };
		A10000020000000100000001 /* LoadingView.swift in Sources */ = {isa = PBXBuildFile; fileRef = A10000020000000200000001 /* LoadingView.swift */; };
		A10000030000000100000001 /* Constants.swift in Sources */ = {isa = PBXBuildFile; fileRef = A10000030000000200000001 /* Constants.swift */; };
		A10000040000000100000001 /* Logger.swift in Sources */ = {isa = PBXBuildFile; fileRef = A10000040000000200000001 /* Logger.swift */; };
		A10000050000000100000001 /* JellyfinAPI.swift in Sources */ = {isa = PBXBuildFile; fileRef = A10000050000000200000001 /* JellyfinAPI.swift */; };
		A10000060000000100000001 /* Models.swift in Sources */ = {isa = PBXBuildFile; fileRef = A10000060000000200000001 /* Models.swift */; };
		A10000070000000100000001 /* NetworkManager.swift in Sources */ = {isa = PBXBuildFile; fileRef = A10000070000000200000001 /* NetworkManager.swift */; };
		A10000080000000100000001 /* NetworkMonitor.swift in Sources */ = {isa = PBXBuildFile; fileRef = A10000080000000200000001 /* NetworkMonitor.swift */; };
		A10000090000000100000001 /* RequestDispatcher.swift in Sources */ = {isa = PBXBuildFile; fileRef = A10000090000000200000001 /* RequestDispatcher.swift */; };
		A100000A0000000100000001 /* URLBuilder.swift in Sources */ = {isa = PBXBuildFile; fileRef = A100000A0000000200000001 /* URLBuilder.swift */; };
		A100000B0000000100000001 /* BaseViewController.swift in Sources */ = {isa = PBXBuildFile; fileRef = A100000B0000000200000001 /* BaseViewController.swift */; };
		A100000C0000000100000001 /* JellyfinHomeViewController.swift in Sources */ = {isa = PBXBuildFile; fileRef = A100000C0000000200000001 /* JellyfinHomeViewController.swift */; };
		A100000D0000000100000001 /* LoginViewController.swift in Sources */ = {isa = PBXBuildFile; fileRef = A100000D0000000200000001 /* LoginViewController.swift */; };
		A100000E0000000100000001 /* MediaItemTableViewCell.swift in Sources */ = {isa = PBXBuildFile; fileRef = A100000E0000000200000001 /* MediaItemTableViewCell.swift */; };
		A100000F0000000100000001 /* GestureManager.swift in Sources */ = {isa = PBXBuildFile; fileRef = A100000F0000000200000001 /* GestureManager.swift */; };
		A10000100000000100000001 /* PlayerControlsView.swift in Sources */ = {isa = PBXBuildFile; fileRef = A10000100000000200000001 /* PlayerControlsView.swift */; };
		A10000110000000100000001 /* PlayerCore.swift in Sources */ = {isa = PBXBuildFile; fileRef = A10000110000000200000001 /* PlayerCore.swift */; };
		A10000120000000100000001 /* PlayerProtocols.swift in Sources */ = {isa = PBXBuildFile; fileRef = A10000120000000200000001 /* PlayerProtocols.swift */; };
		A10000130000000100000001 /* PlayerView.swift in Sources */ = {isa = PBXBuildFile; fileRef = A10000130000000200000001 /* PlayerView.swift */; };
		A10000140000000100000001 /* PlayerViewController.swift in Sources */ = {isa = PBXBuildFile; fileRef = A10000140000000200000001 /* PlayerViewController.swift */; };
/* End PBXBuildFile section */

/* Begin PBXFileReference section */
		A10000000000000000000001 /* VideoPlayer.app */ = {isa = PBXFileReference; explicitFileType = wrapper.application; includeInIndex = 0; path = VideoPlayer.app; sourceTree = BUILT_PRODUCTS_DIR; };
		A10000010000000200000001 /* AppDelegate.swift */ = {isa = PBXFileReference; lastKnownFileType = sourcecode.swift; path = AppDelegate.swift; sourceTree = "<group>"; };
		A10000020000000200000001 /* LoadingView.swift */ = {isa = PBXFileReference; lastKnownFileType = sourcecode.swift; path = LoadingView.swift; sourceTree = "<group>"; };
		A10000030000000200000001 /* Constants.swift */ = {isa = PBXFileReference; lastKnownFileType = sourcecode.swift; path = Constants.swift; sourceTree = "<group>"; };
		A10000040000000200000001 /* Logger.swift */ = {isa = PBXFileReference; lastKnownFileType = sourcecode.swift; path = Logger.swift; sourceTree = "<group>"; };
		A10000050000000200000001 /* JellyfinAPI.swift */ = {isa = PBXFileReference; lastKnownFileType = sourcecode.swift; path = JellyfinAPI.swift; sourceTree = "<group>"; };
		A10000060000000200000001 /* Models.swift */ = {isa = PBXFileReference; lastKnownFileType = sourcecode.swift; path = Models.swift; sourceTree = "<group>"; };
		A10000070000000200000001 /* NetworkManager.swift */ = {isa = PBXFileReference; lastKnownFileType = sourcecode.swift; path = NetworkManager.swift; sourceTree = "<group>"; };
		A10000080000000200000001 /* NetworkMonitor.swift */ = {isa = PBXFileReference; lastKnownFileType = sourcecode.swift; path = NetworkMonitor.swift; sourceTree = "<group>"; };
		A10000090000000200000001 /* RequestDispatcher.swift */ = {isa = PBXFileReference; lastKnownFileType = sourcecode.swift; path = RequestDispatcher.swift; sourceTree = "<group>"; };
		A100000A0000000200000001 /* URLBuilder.swift */ = {isa = PBXFileReference; lastKnownFileType = sourcecode.swift; path = URLBuilder.swift; sourceTree = "<group>"; };
		A100000B0000000200000001 /* BaseViewController.swift */ = {isa = PBXFileReference; lastKnownFileType = sourcecode.swift; path = BaseViewController.swift; sourceTree = "<group>"; };
		A100000C0000000200000001 /* JellyfinHomeViewController.swift */ = {isa = PBXFileReference; lastKnownFileType = sourcecode.swift; path = JellyfinHomeViewController.swift; sourceTree = "<group>"; };
		A100000D0000000200000001 /* LoginViewController.swift */ = {isa = PBXFileReference; lastKnownFileType = sourcecode.swift; path = LoginViewController.swift; sourceTree = "<group>"; };
		A100000E0000000200000001 /* MediaItemTableViewCell.swift */ = {isa = PBXFileReference; lastKnownFileType = sourcecode.swift; path = MediaItemTableViewCell.swift; sourceTree = "<group>"; };
		A100000F0000000200000001 /* GestureManager.swift */ = {isa = PBXFileReference; lastKnownFileType = sourcecode.swift; path = GestureManager.swift; sourceTree = "<group>"; };
		A10000100000000200000001 /* PlayerControlsView.swift */ = {isa = PBXFileReference; lastKnownFileType = sourcecode.swift; path = PlayerControlsView.swift; sourceTree = "<group>"; };
		A10000110000000200000001 /* PlayerCore.swift */ = {isa = PBXFileReference; lastKnownFileType = sourcecode.swift; path = PlayerCore.swift; sourceTree = "<group>"; };
		A10000120000000200000001 /* PlayerProtocols.swift */ = {isa = PBXFileReference; lastKnownFileType = sourcecode.swift; path = PlayerProtocols.swift; sourceTree = "<group>"; };
		A10000130000000200000001 /* PlayerView.swift */ = {isa = PBXFileReference; lastKnownFileType = sourcecode.swift; path = PlayerView.swift; sourceTree = "<group>"; };
		A10000140000000200000001 /* PlayerViewController.swift */ = {isa = PBXFileReference; lastKnownFileType = sourcecode.swift; path = PlayerViewController.swift; sourceTree = "<group>"; };
		A10000150000000000000001 /* Info.plist */ = {isa = PBXFileReference; lastKnownFileType = text.plist.xml; path = Info.plist; sourceTree = "<group>"; };
/* End PBXFileReference section */

/* Begin PBXFrameworksBuildPhase section */
		A10000000000000000000002 /* Frameworks */ = {
			isa = PBXFrameworksBuildPhase;
			buildActionMask = 2147483647;
			files = (
			);
			runOnlyForDeploymentPostprocessing = 0;
		};
/* End PBXFrameworksBuildPhase section */

/* Begin PBXGroup section */
		A10000000000000000000003 = {
			isa = PBXGroup;
			children = (
				A10000000000000000000004 /* VideoPlayer */,
				A10000000000000000000006 /* Products */,
			);
			sourceTree = "<group>";
		};
		A10000000000000000000004 /* VideoPlayer */ = {
			isa = PBXGroup;
			children = (
				A10000000000000000000007 /* App */,
				A10000000000000000000008 /* Features */,
				A10000000000000000000009 /* Network */,
				A1000000000000000000000A /* Player */,
				A1000000000000000000000B /* Utils */,
				A10000150000000000000001 /* Info.plist */,
			);
			path = VideoPlayer;
			sourceTree = "<group>";
		};
		A10000000000000000000006 /* Products */ = {
			isa = PBXGroup;
			children = (
				A10000000000000000000001 /* VideoPlayer.app */,
			);
			name = Products;
			sourceTree = "<group>";
		};
		A10000000000000000000007 /* App */ = {
			isa = PBXGroup;
			children = (
				A10000010000000200000001 /* AppDelegate.swift */,
			);
			path = App;
			sourceTree = "<group>";
		};
		A10000000000000000000008 /* Features */ = {
			isa = PBXGroup;
			children = (
				A100000B0000000200000001 /* BaseViewController.swift */,
				A100000C0000000200000001 /* JellyfinHomeViewController.swift */,
				A100000D0000000200000001 /* LoginViewController.swift */,
				A100000E0000000200000001 /* MediaItemTableViewCell.swift */,
			);
			path = Features;
			sourceTree = "<group>";
		};
		A10000000000000000000009 /* Network */ = {
			isa = PBXGroup;
			children = (
				A10000050000000200000001 /* JellyfinAPI.swift */,
				A10000060000000200000001 /* Models.swift */,
				A10000070000000200000001 /* NetworkManager.swift */,
				A10000080000000200000001 /* NetworkMonitor.swift */,
				A10000090000000200000001 /* RequestDispatcher.swift */,
				A100000A0000000200000001 /* URLBuilder.swift */,
			);
			path = Network;
			sourceTree = "<group>";
		};
		A1000000000000000000000A /* Player */ = {
			isa = PBXGroup;
			children = (
				A100000F0000000200000001 /* GestureManager.swift */,
				A10000100000000200000001 /* PlayerControlsView.swift */,
				A10000110000000200000001 /* PlayerCore.swift */,
				A10000120000000200000001 /* PlayerProtocols.swift */,
				A10000130000000200000001 /* PlayerView.swift */,
				A10000140000000200000001 /* PlayerViewController.swift */,
			);
			path = Player;
			sourceTree = "<group>";
		};
		A1000000000000000000000B /* Utils */ = {
			isa = PBXGroup;
			children = (
				A10000020000000200000001 /* LoadingView.swift */,
				A10000030000000200000001 /* Constants.swift */,
				A10000040000000200000001 /* Logger.swift */,
			);
			path = Utils;
			sourceTree = "<group>";
		};
/* End PBXGroup section */

/* Begin PBXNativeTarget section */
		A00000000000000000000001 /* VideoPlayer */ = {
			isa = PBXNativeTarget;
			buildConfigurationList = A1000000000000000000000C /* Build configuration list for PBXNativeTarget "VideoPlayer" */;
			buildPhases = (
				A1000000000000000000000D /* Sources */,
				A10000000000000000000002 /* Frameworks */,
				A1000000000000000000000E /* Resources */,
			);
			buildRules = (
			);
			dependencies = (
			);
			name = VideoPlayer;
			productName = VideoPlayer;
			productReference = A10000000000000000000001 /* VideoPlayer.app */;
			productType = "com.apple.product-type.application";
		};
/* End PBXNativeTarget section */

/* Begin PBXProject section */
		A1000000000000000000000F /* Project object */ = {
			isa = PBXProject;
			attributes = {
				BuildIndependentTargetsInParallel = 1;
				LastSwiftUpdateCheck = 1500;
				LastUpgradeCheck = 1520;
				TargetAttributes = {
					A00000000000000000000001 = {
						CreatedOnToolsVersion = 15.0;
					};
				};
			};
			buildConfigurationList = A10000000000000000000010 /* Build configuration list for PBXProject "VideoPlayer" */;
			compatibilityVersion = "Xcode 14.0";
			developmentRegion = en;
			hasScannedForEncodings = 0;
			knownRegions = (
				en,
				Base,
			);
			mainGroup = A10000000000000000000003;
			productRefGroup = A10000000000000000000006 /* Products */;
			projectDirPath = "";
			projectRoot = "";
			targets = (
				A00000000000000000000001 /* VideoPlayer */,
			);
		};
/* End PBXProject section */

/* Begin PBXResourcesBuildPhase section */
		A1000000000000000000000E /* Resources */ = {
			isa = PBXResourcesBuildPhase;
			buildActionMask = 2147483647;
			files = (
			);
			runOnlyForDeploymentPostprocessing = 0;
		};
/* End PBXResourcesBuildPhase section */

/* Begin PBXSourcesBuildPhase section */
		A1000000000000000000000D /* Sources */ = {
			isa = PBXSourcesBuildPhase;
			buildActionMask = 2147483647;
			files = (
				A10000010000000100000001 /* AppDelegate.swift in Sources */,
				A10000020000000100000001 /* LoadingView.swift in Sources */,
				A10000030000000100000001 /* Constants.swift in Sources */,
				A10000040000000100000001 /* Logger.swift in Sources */,
				A10000050000000100000001 /* JellyfinAPI.swift in Sources */,
				A10000060000000100000001 /* Models.swift in Sources */,
				A10000070000000100000001 /* NetworkManager.swift in Sources */,
				A10000080000000100000001 /* NetworkMonitor.swift in Sources */,
				A10000090000000100000001 /* RequestDispatcher.swift in Sources */,
				A100000A0000000100000001 /* URLBuilder.swift in Sources */,
				A100000B0000000100000001 /* BaseViewController.swift in Sources */,
				A100000C0000000100000001 /* JellyfinHomeViewController.swift in Sources */,
				A100000D0000000100000001 /* LoginViewController.swift in Sources */,
				A100000E0000000100000001 /* MediaItemTableViewCell.swift in Sources */,
				A100000F0000000100000001 /* GestureManager.swift in Sources */,
				A10000100000000100000001 /* PlayerControlsView.swift in Sources */,
				A10000110000000100000001 /* PlayerCore.swift in Sources */,
				A10000120000000100000001 /* PlayerProtocols.swift in Sources */,
				A10000130000000100000001 /* PlayerView.swift in Sources */,
				A10000140000000100000001 /* PlayerViewController.swift in Sources */,
			);
			runOnlyForDeploymentPostprocessing = 0;
		};
/* End PBXSourcesBuildPhase section */

/* Begin XCBuildConfiguration section */
		A10000000000000000000011 /* Debug */ = {
			isa = XCBuildConfiguration;
			buildSettings = {
				ALWAYS_SEARCH_USER_PATHS = NO;
				ASSETCATALOG_COMPILER_GENERATE_SWIFT_ASSET_SYMBOL_EXTENSIONS = YES;
				CLANG_ANALYZER_NONNULL = YES;
				CLANG_ANALYZER_NUMBER_OBJECT_CONVERSION = YES_AGGRESSIVE;
				CLANG_CXX_LANGUAGE_STANDARD = "gnu++20";
				CLANG_ENABLE_MODULES = YES;
				CLANG_ENABLE_OBJC_ARC = YES;
				CLANG_ENABLE_OBJC_WEAK = YES;
				CLANG_WARN_BLOCK_CAPTURE_AUTORELEASING = YES;
				CLANG_WARN_BOOL_CONVERSION = YES;
				CLANG_WARN_COMMA = YES;
				CLANG_WARN_CONSTANT_CONVERSION = YES;
				CLANG_WARN_DEPRECATED_OBJC_IMPLEMENTATIONS = YES;
				CLANG_WARN_DIRECT_OBJC_ISA_USAGE = YES_ERROR;
				CLANG_WARN_DOCUMENTATION_COMMENTS = YES;
				CLANG_WARN_EMPTY_BODY = YES;
				CLANG_WARN_ENUM_CONVERSION = YES;
				CLANG_WARN_INFINITE_RECURSION = YES;
				CLANG_WARN_INT_CONVERSION = YES;
				CLANG_WARN_NON_LITERAL_NULL_CONVERSION = YES;
				CLANG_WARN_OBJC_IMPLICIT_RETAIN_SELF = YES;
				CLANG_WARN_OBJC_LITERAL_CONVERSION = YES;
				CLANG_WARN_OBJC_ROOT_CLASS = YES_ERROR;
				CLANG_WARN_QUOTED_INCLUDE_IN_FRAMEWORK_HEADER = YES;
				CLANG_WARN_RANGE_LOOP_ANALYSIS = YES;
				CLANG_WARN_STRICT_PROTOTYPES = YES;
				CLANG_WARN_SUSPICIOUS_MOVE = YES;
				CLANG_WARN_UNGUARDED_AVAILABILITY = YES_AGGRESSIVE;
				CLANG_WARN_UNREACHABLE_CODE = YES;
				CLANG_WARN__DUPLICATE_METHOD_MATCH = YES;
				COPY_PHASE_STRIP = NO;
				DEBUG_INFORMATION_FORMAT = dwarf;
				ENABLE_STRICT_OBJC_MSGSEND = YES;
				ENABLE_TESTABILITY = YES;
				ENABLE_USER_SCRIPT_SANDBOXING = YES;
				GCC_C_LANGUAGE_STANDARD = gnu17;
				GCC_DYNAMIC_NO_PIC = NO;
				GCC_NO_COMMON_BLOCKS = YES;
				GCC_OPTIMIZATION_LEVEL = 0;
				GCC_PREPROCESSOR_DEFINITIONS = (
					"DEBUG=1",
					"$(inherited)",
				);
				GCC_WARN_64_TO_32_BIT_CONVERSION = YES;
				GCC_WARN_ABOUT_RETURN_TYPE = YES_ERROR;
				GCC_WARN_UNDECLARED_SELECTOR = YES;
				GCC_WARN_UNINITIALIZED_AUTOS = YES_AGGRESSIVE;
				GCC_WARN_UNUSED_FUNCTION = YES;
				GCC_WARN_UNUSED_VARIABLE = YES;
				IPHONEOS_DEPLOYMENT_TARGET = 15.0;
				LOCALIZATION_PREFERS_STRING_CATALOGS = YES;
				MTL_ENABLE_DEBUG_INFO = INCLUDE_SOURCE;
				MTL_FAST_MATH = YES;
				ONLY_ACTIVE_ARCH = YES;
				SDKROOT = iphoneos;
				SWIFT_ACTIVE_COMPILATION_CONDITIONS = "DEBUG $(inherited)";
				SWIFT_OPTIMIZATION_LEVEL = "-Onone";
			};
			name = Debug;
		};
		A10000000000000000000012 /* Release */ = {
			isa = XCBuildConfiguration;
			buildSettings = {
				ALWAYS_SEARCH_USER_PATHS = NO;
				ASSETCATALOG_COMPILER_GENERATE_SWIFT_ASSET_SYMBOL_EXTENSIONS = YES;
				CLANG_ANALYZER_NONNULL = YES;
				CLANG_ANALYZER_NUMBER_OBJECT_CONVERSION = YES_AGGRESSIVE;
				CLANG_CXX_LANGUAGE_STANDARD = "gnu++20";
				CLANG_ENABLE_MODULES = YES;
				CLANG_ENABLE_OBJC_ARC = YES;
				CLANG_ENABLE_OBJC_WEAK = YES;
				CLANG_WARN_BLOCK_CAPTURE_AUTORELEASING = YES;
				CLANG_WARN_BOOL_CONVERSION = YES;
				CLANG_WARN_COMMA = YES;
				CLANG_WARN_CONSTANT_CONVERSION = YES;
				CLANG_WARN_DEPRECATED_OBJC_IMPLEMENTATIONS = YES;
				CLANG_WARN_DIRECT_OBJC_ISA_USAGE = YES_ERROR;
				CLANG_WARN_DOCUMENTATION_COMMENTS = YES;
				CLANG_WARN_EMPTY_BODY = YES;
				CLANG_WARN_ENUM_CONVERSION = YES;
				CLANG_WARN_INFINITE_RECURSION = YES;
				CLANG_WARN_INT_CONVERSION = YES;
				CLANG_WARN_NON_LITERAL_NULL_CONVERSION = YES;
				CLANG_WARN_OBJC_IMPLICIT_RETAIN_SELF = YES;
				CLANG_WARN_OBJC_LITERAL_CONVERSION = YES;
				CLANG_WARN_OBJC_ROOT_CLASS = YES_ERROR;
				CLANG_WARN_QUOTED_INCLUDE_IN_FRAMEWORK_HEADER = YES;
				CLANG_WARN_RANGE_LOOP_ANALYSIS = YES;
				CLANG_WARN_STRICT_PROTOTYPES = YES;
				CLANG_WARN_SUSPICIOUS_MOVE = YES;
				CLANG_WARN_UNGUARDED_AVAILABILITY = YES_AGGRESSIVE;
				CLANG_WARN_UNREACHABLE_CODE = YES;
				CLANG_WARN__DUPLICATE_METHOD_MATCH = YES;
				COPY_PHASE_STRIP = NO;
				DEBUG_INFORMATION_FORMAT = "dwarf-with-dsym";
				ENABLE_NS_ASSERTIONS = NO;
				ENABLE_STRICT_OBJC_MSGSEND = YES;
				ENABLE_USER_SCRIPT_SANDBOXING = YES;
				GCC_C_LANGUAGE_STANDARD = gnu17;
				GCC_NO_COMMON_BLOCKS = YES;
				GCC_WARN_64_TO_32_BIT_CONVERSION = YES;
				GCC_WARN_ABOUT_RETURN_TYPE = YES_ERROR;
				GCC_WARN_UNDECLARED_SELECTOR = YES;
				GCC_WARN_UNINITIALIZED_AUTOS = YES_AGGRESSIVE;
				GCC_WARN_UNUSED_FUNCTION = YES;
				GCC_WARN_UNUSED_VARIABLE = YES;
				IPHONEOS_DEPLOYMENT_TARGET = 15.0;
				LOCALIZATION_PREFERS_STRING_CATALOGS = YES;
				MTL_ENABLE_DEBUG_INFO = NO;
				MTL_FAST_MATH = YES;
				SDKROOT = iphoneos;
				SWIFT_COMPILATION_MODE = wholemodule;
				VALIDATE_PRODUCT = YES;
			};
			name = Release;
		};
		A10000000000000000000013 /* Debug */ = {
			isa = XCBuildConfiguration;
			buildSettings = {
				ASSETCATALOG_COMPILER_APPICON_NAME = AppIcon;
				ASSETCATALOG_COMPILER_GLOBAL_ACCENT_COLOR_NAME = AccentColor;
				CODE_SIGN_IDENTITY = "";
				CODE_SIGN_STYLE = Manual;
				CURRENT_PROJECT_VERSION = 1;
				DEVELOPMENT_TEAM = "";
				ENABLE_PREVIEWS = YES;
				INFOPLIST_FILE = VideoPlayer/Info.plist;
				LD_RUNPATH_SEARCH_PATHS = (
					"$(inherited)",
					"@executable_path/Frameworks",
				);
				MARKETING_VERSION = 1.0;
				PRODUCT_BUNDLE_IDENTIFIER = com.example.VideoPlayer;
				PRODUCT_NAME = "$(TARGET_NAME)";
				SWIFT_EMIT_LOC_STRINGS = YES;
				SWIFT_VERSION = 5.0;
				TARGETED_DEVICE_FAMILY = "1,2";
				ALWAYS_EMBED_SWIFT_STANDARD_LIBRARIES = YES;
			};
			name = Debug;
		};
		A10000000000000000000014 /* Release */ = {
			isa = XCBuildConfiguration;
			buildSettings = {
				ASSETCATALOG_COMPILER_APPICON_NAME = AppIcon;
				ASSETCATALOG_COMPILER_GLOBAL_ACCENT_COLOR_NAME = AccentColor;
				CODE_SIGN_IDENTITY = "";
				CODE_SIGN_STYLE = Manual;
				CURRENT_PROJECT_VERSION = 1;
				DEVELOPMENT_TEAM = "";
				ENABLE_PREVIEWS = YES;
				INFOPLIST_FILE = VideoPlayer/Info.plist;
				LD_RUNPATH_SEARCH_PATHS = (
					"$(inherited)",
					"@executable_path/Frameworks",
				);
				MARKETING_VERSION = 1.0;
				PRODUCT_BUNDLE_IDENTIFIER = com.example.VideoPlayer;
				PRODUCT_NAME = "$(TARGET_NAME)";
				SWIFT_EMIT_LOC_STRINGS = YES;
				SWIFT_VERSION = 5.0;
				TARGETED_DEVICE_FAMILY = "1,2";
				ALWAYS_EMBED_SWIFT_STANDARD_LIBRARIES = YES;
			};
			name = Release;
		};
/* End XCBuildConfiguration section */

/* Begin XCConfigurationList section */
		A10000000000000000000010 /* Build configuration list for PBXProject "VideoPlayer" */ = {
			isa = XCConfigurationList;
			buildConfigurations = (
				A10000000000000000000011 /* Debug */,
				A10000000000000000000012 /* Release */,
			);
			defaultConfigurationIsVisible = 0;
			defaultConfigurationName = Release;
		};
		A1000000000000000000000C /* Build configuration list for PBXNativeTarget "VideoPlayer" */ = {
			isa = XCConfigurationList;
			buildConfigurations = (
				A10000000000000000000013 /* Debug */,
				A10000000000000000000014 /* Release */,
			);
			defaultConfigurationIsVisible = 0;
			defaultConfigurationName = Release;
		};
/* End XCConfigurationList section */
	};
	rootObject = A1000000000000000000000F /* Project object */;
}
